
Microsoft Visual Studio Solution File, Format Version 12.00
# Visual Studio Version 17
VisualStudioVersion = 17.5.002.0
MinimumVisualStudioVersion = 10.0.40219.1
Project("{9A19103F-16F7-4668-BE54-9A1E7A4F7556}") = "TrilhaApiDesafio", "TrilhaApiDesafio.csproj", "{D03CD623-D0C4-43FE-8C3C-A3DA5B675D82}"
EndProject
Global
	GlobalSection(SolutionConfigurationPlatforms) = preSolution
		Debug|Any CPU = Debug|Any CPU
		Release|Any CPU = Release|Any CPU
	EndGlobalSection
	GlobalSection(ProjectConfigurationPlatforms) = postSolution
		{D03CD623-D0C4-43FE-8C3C-A3DA5B675D82}.Debug|Any CPU.ActiveCfg = Debug|Any CPU
		{D03CD623-D0C4-43FE-8C3C-A3DA5B675D82}.Debug|Any CPU.Build.0 = Debug|Any CPU
		{D03CD623-D0C4-43FE-8C3C-A3DA5B675D82}.Release|Any CPU.ActiveCfg = Release|Any CPU
		{D03CD623-D0C4-43FE-8C3C-A3DA5B675D82}.Release|Any CPU.Build.0 = Release|Any CPU
	EndGlobalSection
	GlobalSection(SolutionProperties) = preSolution
		HideSolutionNode = FALSE
	EndGlobalSection
	GlobalSection(ExtensibilityGlobals) = postSolution
		SolutionGuid = {C2B62D55-1421-4E88-A990-BF47897C615C}
	EndGlobalSection
EndGlobal
